
Microsoft Visual Studio Solution File, Format Version 12.00
# Visual Studio Version 17
VisualStudioVersion = 17.0.31903.59
MinimumVisualStudioVersion = 10.0.40219.1
Project("{FAE04EC0-301F-11D3-BF4B-00C04F79EFBC}") = "ClassIntro", "ClassIntro\ClassIntro.csproj", "{68806767-7A88-4275-9706-782ACC876C14}"
EndProject
Global
	GlobalSection(SolutionConfigurationPlatforms) = preSolution
		Debug|Any CPU = Debug|Any CPU
		Release|Any CPU = Release|Any CPU
	EndGlobalSection
	GlobalSection(ProjectConfigurationPlatforms) = postSolution
		{68806767-7A88-4275-9706-782ACC876C14}.Debug|Any CPU.ActiveCfg = Debug|Any CPU
		{68806767-7A88-4275-9706-782ACC876C14}.Debug|Any CPU.Build.0 = Debug|Any CPU
		{68806767-7A88-4275-9706-782ACC876C14}.Release|Any CPU.ActiveCfg = Release|Any CPU
		{68806767-7A88-4275-9706-782ACC876C14}.Release|Any CPU.Build.0 = Release|Any CPU
	EndGlobalSection
	GlobalSection(SolutionProperties) = preSolution
		HideSolutionNode = FALSE
	EndGlobalSection
	GlobalSection(ExtensibilityGlobals) = postSolution
		SolutionGuid = {821B7CC8-A13A-4BA2-AEFD-38CE3280C694}
	EndGlobalSection
EndGlobal
